
Microsoft Visual Studio Solution File, Format Version 11.00
# Visual Studio 2010
Project("{FAE04EC0-301F-11D3-BF4B-00C04F79EFBC}") = "Unity.Timeline", "Unity.Timeline.csproj", "{03f8004b-22e8-6fbd-43e0-d5ba95389083}"
EndProject
Project("{FAE04EC0-301F-11D3-BF4B-00C04F79EFBC}") = "Unity.Timeline.Editor", "Unity.Timeline.Editor.csproj", "{62cea6bb-7eca-43f3-4be5-58b5fcc5e31b}"
EndProject
Project("{FAE04EC0-301F-11D3-BF4B-00C04F79EFBC}") = "Unity.TextMeshPro.Editor", "Unity.TextMeshPro.Editor.csproj", "{37e7fad9-ba95-4a6e-b912-26c464fbc587}"
EndProject
Project("{FAE04EC0-301F-11D3-BF4B-00C04F79EFBC}") = "Unity.VisualScripting.Flow", "Unity.VisualScripting.Flow.csproj", "{02806fb6-a78f-14b8-0a66-97e23b6be904}"
EndProject
Project("{FAE04EC0-301F-11D3-BF4B-00C04F79EFBC}") = "UnityEditor.UI", "UnityEditor.UI.csproj", "{510d2916-45c1-db01-d4b2-cf4fff132eb0}"
EndProject
Project("{FAE04EC0-301F-11D3-BF4B-00C04F79EFBC}") = "Unity.PlasticSCM.Editor", "Unity.PlasticSCM.Editor.csproj", "{04703c32-4b34-770a-4c35-c4be7b85551a}"
EndProject
Project("{FAE04EC0-301F-11D3-BF4B-00C04F79EFBC}") = "Unity.VisualScripting.Core", "Unity.VisualScripting.Core.csproj", "{309a8e07-a9fb-4c53-a98c-4d024b4b6415}"
EndProject
Project("{FAE04EC0-301F-11D3-BF4B-00C04F79EFBC}") = "Unity.VisualScripting.Core.Editor", "Unity.VisualScripting.Core.Editor.csproj", "{466f4a41-85d8-1585-150b-6a1a84b47c8b}"
EndProject
Project("{FAE04EC0-301F-11D3-BF4B-00C04F79EFBC}") = "Unity.VisualScripting.Flow.Editor", "Unity.VisualScripting.Flow.Editor.csproj", "{f38dfa89-7820-7e1b-baf2-4c521d2f669b}"
EndProject
Project("{FAE04EC0-301F-11D3-BF4B-00C04F79EFBC}") = "UnityEditor.TestRunner", "UnityEditor.TestRunner.csproj", "{8ef51eb5-0e63-6b56-6de1-1c3b691c7e89}"
EndProject
Project("{FAE04EC0-301F-11D3-BF4B-00C04F79EFBC}") = "Unity.VisualScripting.SettingsProvider.Editor", "Unity.VisualScripting.SettingsProvider.Editor.csproj", "{22b95c60-a7e0-f489-88db-d9cde19f879e}"
EndProject
Project("{FAE04EC0-301F-11D3-BF4B-00C04F79EFBC}") = "UnityEngine.TestRunner", "UnityEngine.TestRunner.csproj", "{2c6b2119-477d-ffa2-a212-ac2540200d5f}"
EndProject
Project("{FAE04EC0-301F-11D3-BF4B-00C04F79EFBC}") = "UnityEngine.UI", "UnityEngine.UI.csproj", "{b653fea3-589a-fd60-252f-1e5a662afdf5}"
EndProject
Project("{FAE04EC0-301F-11D3-BF4B-00C04F79EFBC}") = "Unity.VisualStudio.Editor", "Unity.VisualStudio.Editor.csproj", "{81d5f28a-1cb7-6533-528f-eb2d7d851a4a}"
EndProject
Project("{FAE04EC0-301F-11D3-BF4B-00C04F79EFBC}") = "Unity.TestTools.CodeCoverage.Editor.OpenCover.Model", "Unity.TestTools.CodeCoverage.Editor.OpenCover.Model.csproj", "{215e1efa-56d8-950f-ec15-682a4917b5a5}"
EndProject
Project("{FAE04EC0-301F-11D3-BF4B-00C04F79EFBC}") = "Unity.Rider.Editor", "Unity.Rider.Editor.csproj", "{90641013-8d9f-c656-dd5c-7cea0438af2d}"
EndProject
Project("{FAE04EC0-301F-11D3-BF4B-00C04F79EFBC}") = "Unity.VisualScripting.State.Editor", "Unity.VisualScripting.State.Editor.csproj", "{ca2b052c-4284-97f9-f854-b8617cbf2c93}"
EndProject
Project("{FAE04EC0-301F-11D3-BF4B-00C04F79EFBC}") = "Unity.TestTools.CodeCoverage.Editor", "Unity.TestTools.CodeCoverage.Editor.csproj", "{a1cc3aa0-b30a-aab7-1db9-3c224d89fbec}"
EndProject
Project("{FAE04EC0-301F-11D3-BF4B-00C04F79EFBC}") = "Assembly-CSharp", "Assembly-CSharp.csproj", "{1ba89c04-9292-58be-cc43-62ad3d4751b5}"
EndProject
Project("{FAE04EC0-301F-11D3-BF4B-00C04F79EFBC}") = "Unity.VisualScripting.State", "Unity.VisualScripting.State.csproj", "{27d891b4-6e78-6234-c3e4-e19265111083}"
EndProject
Project("{FAE04EC0-301F-11D3-BF4B-00C04F79EFBC}") = "Unity.TextMeshPro", "Unity.TextMeshPro.csproj", "{f3f16d45-af74-29a6-a6fe-e51bb52f06e4}"
EndProject
Project("{FAE04EC0-301F-11D3-BF4B-00C04F79EFBC}") = "Unity.Performance.Profile-Analyzer.Editor", "Unity.Performance.Profile-Analyzer.Editor.csproj", "{6f4c4a32-3e82-182c-35d7-25459cc18ffd}"
EndProject
Project("{FAE04EC0-301F-11D3-BF4B-00C04F79EFBC}") = "Unity.VSCode.Editor", "Unity.VSCode.Editor.csproj", "{6ded7c86-a4bb-4e09-ad32-86630ce1302a}"
EndProject
Project("{FAE04EC0-301F-11D3-BF4B-00C04F79EFBC}") = "Unity.TestTools.CodeCoverage.Editor.OpenCover.Mono.Reflection", "Unity.TestTools.CodeCoverage.Editor.OpenCover.Mono.Reflection.csproj", "{73fa565e-c94b-c31a-ab71-b87c51f49664}"
EndProject
Project("{FAE04EC0-301F-11D3-BF4B-00C04F79EFBC}") = "Unity.Settings.Editor", "Unity.Settings.Editor.csproj", "{43500081-e9d2-df5a-b396-63e4ece38f95}"
EndProject
Project("{FAE04EC0-301F-11D3-BF4B-00C04F79EFBC}") = "Unity.EditorCoroutines.Editor", "Unity.EditorCoroutines.Editor.csproj", "{567419f2-8ac0-bca5-1d2d-5a8f53b5e6fd}"
EndProject
Project("{FAE04EC0-301F-11D3-BF4B-00C04F79EFBC}") = "Unity.VisualScripting.Shared.Editor", "Unity.VisualScripting.Shared.Editor.csproj", "{c112e4d4-8af8-852a-2c20-68f24f5c1533}"
EndProject
Project("{FAE04EC0-301F-11D3-BF4B-00C04F79EFBC}") = "Unity.CollabProxy.Editor", "Unity.CollabProxy.Editor.csproj", "{f897cd2b-8146-6ab3-8a3c-5f6bcc2fcc68}"
EndProject
Global
	GlobalSection(SolutionConfigurationPlatforms) = preSolution
		Debug|Any CPU = Debug|Any CPU
	EndGlobalSection
	GlobalSection(ProjectConfigurationPlatforms) = postSolution
		{03f8004b-22e8-6fbd-43e0-d5ba95389083}.Debug|Any CPU.ActiveCfg = Debug|Any CPU
		{03f8004b-22e8-6fbd-43e0-d5ba95389083}.Debug|Any CPU.Build.0 = Debug|Any CPU
		{62cea6bb-7eca-43f3-4be5-58b5fcc5e31b}.Debug|Any CPU.ActiveCfg = Debug|Any CPU
		{62cea6bb-7eca-43f3-4be5-58b5fcc5e31b}.Debug|Any CPU.Build.0 = Debug|Any CPU
		{37e7fad9-ba95-4a6e-b912-26c464fbc587}.Debug|Any CPU.ActiveCfg = Debug|Any CPU
		{37e7fad9-ba95-4a6e-b912-26c464fbc587}.Debug|Any CPU.Build.0 = Debug|Any CPU
		{02806fb6-a78f-14b8-0a66-97e23b6be904}.Debug|Any CPU.ActiveCfg = Debug|Any CPU
		{02806fb6-a78f-14b8-0a66-97e23b6be904}.Debug|Any CPU.Build.0 = Debug|Any CPU
		{510d2916-45c1-db01-d4b2-cf4fff132eb0}.Debug|Any CPU.ActiveCfg = Debug|Any CPU
		{510d2916-45c1-db01-d4b2-cf4fff132eb0}.Debug|Any CPU.Build.0 = Debug|Any CPU
		{04703c32-4b34-770a-4c35-c4be7b85551a}.Debug|Any CPU.ActiveCfg = Debug|Any CPU
		{04703c32-4b34-770a-4c35-c4be7b85551a}.Debug|Any CPU.Build.0 = Debug|Any CPU
		{309a8e07-a9fb-4c53-a98c-4d024b4b6415}.Debug|Any CPU.ActiveCfg = Debug|Any CPU
		{309a8e07-a9fb-4c53-a98c-4d024b4b6415}.Debug|Any CPU.Build.0 = Debug|Any CPU
		{466f4a41-85d8-1585-150b-6a1a84b47c8b}.Debug|Any CPU.ActiveCfg = Debug|Any CPU
		{466f4a41-85d8-1585-150b-6a1a84b47c8b}.Debug|Any CPU.Build.0 = Debug|Any CPU
		{f38dfa89-7820-7e1b-baf2-4c521d2f669b}.Debug|Any CPU.ActiveCfg = Debug|Any CPU
		{f38dfa89-7820-7e1b-baf2-4c521d2f669b}.Debug|Any CPU.Build.0 = Debug|Any CPU
		{8ef51eb5-0e63-6b56-6de1-1c3b691c7e89}.Debug|Any CPU.ActiveCfg = Debug|Any CPU
		{8ef51eb5-0e63-6b56-6de1-1c3b691c7e89}.Debug|Any CPU.Build.0 = Debug|Any CPU
		{22b95c60-a7e0-f489-88db-d9cde19f879e}.Debug|Any CPU.ActiveCfg = Debug|Any CPU
		{22b95c60-a7e0-f489-88db-d9cde19f879e}.Debug|Any CPU.Build.0 = Debug|Any CPU
		{2c6b2119-477d-ffa2-a212-ac2540200d5f}.Debug|Any CPU.ActiveCfg = Debug|Any CPU
		{2c6b2119-477d-ffa2-a212-ac2540200d5f}.Debug|Any CPU.Build.0 = Debug|Any CPU
		{b653fea3-589a-fd60-252f-1e5a662afdf5}.Debug|Any CPU.ActiveCfg = Debug|Any CPU
		{b653fea3-589a-fd60-252f-1e5a662afdf5}.Debug|Any CPU.Build.0 = Debug|Any CPU
		{81d5f28a-1cb7-6533-528f-eb2d7d851a4a}.Debug|Any CPU.ActiveCfg = Debug|Any CPU
		{81d5f28a-1cb7-6533-528f-eb2d7d851a4a}.Debug|Any CPU.Build.0 = Debug|Any CPU
		{215e1efa-56d8-950f-ec15-682a4917b5a5}.Debug|Any CPU.ActiveCfg = Debug|Any CPU
		{215e1efa-56d8-950f-ec15-682a4917b5a5}.Debug|Any CPU.Build.0 = Debug|Any CPU
		{90641013-8d9f-c656-dd5c-7cea0438af2d}.Debug|Any CPU.ActiveCfg = Debug|Any CPU
		{90641013-8d9f-c656-dd5c-7cea0438af2d}.Debug|Any CPU.Build.0 = Debug|Any CPU
		{ca2b052c-4284-97f9-f854-b8617cbf2c93}.Debug|Any CPU.ActiveCfg = Debug|Any CPU
		{ca2b052c-4284-97f9-f854-b8617cbf2c93}.Debug|Any CPU.Build.0 = Debug|Any CPU
		{a1cc3aa0-b30a-aab7-1db9-3c224d89fbec}.Debug|Any CPU.ActiveCfg = Debug|Any CPU
		{a1cc3aa0-b30a-aab7-1db9-3c224d89fbec}.Debug|Any CPU.Build.0 = Debug|Any CPU
		{1ba89c04-9292-58be-cc43-62ad3d4751b5}.Debug|Any CPU.ActiveCfg = Debug|Any CPU
		{1ba89c04-9292-58be-cc43-62ad3d4751b5}.Debug|Any CPU.Build.0 = Debug|Any CPU
		{27d891b4-6e78-6234-c3e4-e19265111083}.Debug|Any CPU.ActiveCfg = Debug|Any CPU
		{27d891b4-6e78-6234-c3e4-e19265111083}.Debug|Any CPU.Build.0 = Debug|Any CPU
		{f3f16d45-af74-29a6-a6fe-e51bb52f06e4}.Debug|Any CPU.ActiveCfg = Debug|Any CPU
		{f3f16d45-af74-29a6-a6fe-e51bb52f06e4}.Debug|Any CPU.Build.0 = Debug|Any CPU
		{6f4c4a32-3e82-182c-35d7-25459cc18ffd}.Debug|Any CPU.ActiveCfg = Debug|Any CPU
		{6f4c4a32-3e82-182c-35d7-25459cc18ffd}.Debug|Any CPU.Build.0 = Debug|Any CPU
		{6ded7c86-a4bb-4e09-ad32-86630ce1302a}.Debug|Any CPU.ActiveCfg = Debug|Any CPU
		{6ded7c86-a4bb-4e09-ad32-86630ce1302a}.Debug|Any CPU.Build.0 = Debug|Any CPU
		{73fa565e-c94b-c31a-ab71-b87c51f49664}.Debug|Any CPU.ActiveCfg = Debug|Any CPU
		{73fa565e-c94b-c31a-ab71-b87c51f49664}.Debug|Any CPU.Build.0 = Debug|Any CPU
		{43500081-e9d2-df5a-b396-63e4ece38f95}.Debug|Any CPU.ActiveCfg = Debug|Any CPU
		{43500081-e9d2-df5a-b396-63e4ece38f95}.Debug|Any CPU.Build.0 = Debug|Any CPU
		{567419f2-8ac0-bca5-1d2d-5a8f53b5e6fd}.Debug|Any CPU.ActiveCfg = Debug|Any CPU
		{567419f2-8ac0-bca5-1d2d-5a8f53b5e6fd}.Debug|Any CPU.Build.0 = Debug|Any CPU
		{c112e4d4-8af8-852a-2c20-68f24f5c1533}.Debug|Any CPU.ActiveCfg = Debug|Any CPU
		{c112e4d4-8af8-852a-2c20-68f24f5c1533}.Debug|Any CPU.Build.0 = Debug|Any CPU
		{f897cd2b-8146-6ab3-8a3c-5f6bcc2fcc68}.Debug|Any CPU.ActiveCfg = Debug|Any CPU
		{f897cd2b-8146-6ab3-8a3c-5f6bcc2fcc68}.Debug|Any CPU.Build.0 = Debug|Any CPU
	EndGlobalSection
	GlobalSection(SolutionProperties) = preSolution
		HideSolutionNode = FALSE
	EndGlobalSection
EndGlobal
